
Microsoft Visual Studio Solution File, Format Version 12.00
# Visual Studio Version 16
VisualStudioVersion = 16.0.30114.105
MinimumVisualStudioVersion = 10.0.40219.1
Project("{FAE04EC0-301F-11D3-BF4B-00C04F79EFBC}") = "DevCard", "DevCard\DevCard.csproj", "{4E49961F-E919-4A0A-A51F-4ACE5F412819}"
EndProject
Global
	GlobalSection(SolutionConfigurationPlatforms) = preSolution
		Debug|Any CPU = Debug|Any CPU
		Release|Any CPU = Release|Any CPU
	EndGlobalSection
	GlobalSection(ProjectConfigurationPlatforms) = postSolution
		{4E49961F-E919-4A0A-A51F-4ACE5F412819}.Debug|Any CPU.ActiveCfg = Debug|Any CPU
		{4E49961F-E919-4A0A-A51F-4ACE5F412819}.Debug|Any CPU.Build.0 = Debug|Any CPU
		{4E49961F-E919-4A0A-A51F-4ACE5F412819}.Release|Any CPU.ActiveCfg = Release|Any CPU
		{4E49961F-E919-4A0A-A51F-4ACE5F412819}.Release|Any CPU.Build.0 = Release|Any CPU
	EndGlobalSection
	GlobalSection(SolutionProperties) = preSolution
		HideSolutionNode = FALSE
	EndGlobalSection
	GlobalSection(ExtensibilityGlobals) = postSolution
		SolutionGuid = {926DA497-FE3C-407A-BF3B-DFDA3C1096C8}
	EndGlobalSection
EndGlobal
